
Microsoft Visual Studio Solution File, Format Version 12.00
# Visual Studio Version 16
VisualStudioVersion = 16.0.30804.86
MinimumVisualStudioVersion = 10.0.40219.1
Project("{FAE04EC0-301F-11D3-BF4B-00C04F79EFBC}") = "CourseManagmentBackend", "CourseManagmentBackend\CourseManagmentBackend.csproj", "{FBA89412-74AF-459C-B612-036FEF3A7C52}"
EndProject
Global
	GlobalSection(SolutionConfigurationPlatforms) = preSolution
		Debug|Any CPU = Debug|Any CPU
		Release|Any CPU = Release|Any CPU
	EndGlobalSection
	GlobalSection(ProjectConfigurationPlatforms) = postSolution
		{FBA89412-74AF-459C-B612-036FEF3A7C52}.Debug|Any CPU.ActiveCfg = Debug|Any CPU
		{FBA89412-74AF-459C-B612-036FEF3A7C52}.Debug|Any CPU.Build.0 = Debug|Any CPU
		{FBA89412-74AF-459C-B612-036FEF3A7C52}.Release|Any CPU.ActiveCfg = Release|Any CPU
		{FBA89412-74AF-459C-B612-036FEF3A7C52}.Release|Any CPU.Build.0 = Release|Any CPU
	EndGlobalSection
	GlobalSection(SolutionProperties) = preSolution
		HideSolutionNode = FALSE
	EndGlobalSection
	GlobalSection(ExtensibilityGlobals) = postSolution
		SolutionGuid = {7F80B701-7475-43E3-AE59-8EF750A3FD43}
	EndGlobalSection
EndGlobal
